
Microsoft Visual Studio Solution File, Format Version 12.00
# Visual Studio Version 17
VisualStudioVersion = 17.3.32901.215
MinimumVisualStudioVersion = 10.0.40219.1
Project("{FAE04EC0-301F-11D3-BF4B-00C04F79EFBC}") = "ExcelImportExport", "ExcelImportExport\ExcelImportExport.csproj", "{FEC1203C-254E-4787-A4EF-7F5C0843D3FE}"
EndProject
Global
	GlobalSection(SolutionConfigurationPlatforms) = preSolution
		Debug|Any CPU = Debug|Any CPU
		Release|Any CPU = Release|Any CPU
	EndGlobalSection
	GlobalSection(ProjectConfigurationPlatforms) = postSolution
		{FEC1203C-254E-4787-A4EF-7F5C0843D3FE}.Debug|Any CPU.ActiveCfg = Debug|Any CPU
		{FEC1203C-254E-4787-A4EF-7F5C0843D3FE}.Debug|Any CPU.Build.0 = Debug|Any CPU
		{FEC1203C-254E-4787-A4EF-7F5C0843D3FE}.Release|Any CPU.ActiveCfg = Release|Any CPU
		{FEC1203C-254E-4787-A4EF-7F5C0843D3FE}.Release|Any CPU.Build.0 = Release|Any CPU
	EndGlobalSection
	GlobalSection(SolutionProperties) = preSolution
		HideSolutionNode = FALSE
	EndGlobalSection
	GlobalSection(ExtensibilityGlobals) = postSolution
		SolutionGuid = {681D5163-6D0C-48D2-A2FE-DD1A74E679F0}
	EndGlobalSection
EndGlobal
